PODS:
  - Flutter (1.0.0)
  - freshchat_plugin (0.0.1):
    - Flutter
    - FreshchatSDK (= 4.1.8)
  - FreshchatSDK (4.1.8)

DEPENDENCIES:
  - Flutter (from `Flutter`)
  - freshchat_plugin (from `.symlinks/plugins/freshchat_plugin/ios`)

SPEC REPOS:
  trunk:
    - FreshchatSDK

EXTERNAL SOURCES:
  Flutter:
    :path: Flutter
  freshchat_plugin:
    :path: ".symlinks/plugins/freshchat_plugin/ios"

SPEC CHECKSUMS:
  Flutter: 0e3d915762c693b495b44d77113d4970485de6ec
  freshchat_plugin: acb98571d13025ed13771e21cdd7d6e622aa60a1
  FreshchatSDK: 0edbcc0a62a379a85e40ae82901bfabe992fa62a

PODFILE CHECKSUM: 8e679eca47255a8ca8067c4c67aab20e64cb974d

COCOAPODS: 1.10.1
